
    <ClCompile Include="openglgeometrybank.cpp">
    <ClCompile Include="command.cpp">
      <Filter>Source Files</Filter>
    <ClCompile Include="moon.cpp">
      <Filter>Source Files</Filter>
    </ClCompile>
    <ClInclude Include="keyboardinput.h">
      <Filter>Header Files\input</Filter>
    </ClInclude>
    <ClInclude Include="gamepadinput.h">
      <Filter>Header Files\input</Filter>
    </ClInclude>
    <ClInclude Include="moon.h">